// !$*UTF8*$!
{
	archiveVersion = 1;
	classes = {
	};
	objectVersion = 50;
	objects = {

/* Begin PBXBuildFile section */
		1B52867C23519949002B430D /* ContentDetailViewController.swift in Sources */ = {isa = PBXBuildFile; fileRef = 1B52867B23519949002B430D /* ContentDetailViewController.swift */; };
		1B52867E2351A073002B430D /* CustomSegueClass.swift in Sources */ = {isa = PBXBuildFile; fileRef = 1B52867D2351A073002B430D /* CustomSegueClass.swift */; };
		1B9398F1234D7941009BAEA8 /* AppDelegate.swift in Sources */ = {isa = PBXBuildFile; fileRef = 1B9398F0234D7941009BAEA8 /* AppDelegate.swift */; };
		1B9398F3234D7941009BAEA8 /* SceneDelegate.swift in Sources */ = {isa = PBXBuildFile; fileRef = 1B9398F2234D7941009BAEA8 /* SceneDelegate.swift */; };
		1B9398F5234D7941009BAEA8 /* ContentListViewController.swift in Sources */ = {isa = PBXBuildFile; fileRef = 1B9398F4234D7941009BAEA8 /* ContentListViewController.swift */; };
		1B9398F8234D7941009BAEA8 /* Main.storyboard in Resources */ = {isa = PBXBuildFile; fileRef = 1B9398F6234D7941009BAEA8 /* Main.storyboard */; };
		1B9398FA234D7941009BAEA8 /* Assets.xcassets in Resources */ = {isa = PBXBuildFile; fileRef = 1B9398F9234D7941009BAEA8 /* Assets.xcassets */; };
		1B9398FD234D7941009BAEA8 /* LaunchScreen.storyboard in Resources */ = {isa = PBXBuildFile; fileRef = 1B9398FB234D7941009BAEA8 /* LaunchScreen.storyboard */; };
		1B939908234D7941009BAEA8 /* homeworkTests.swift in Sources */ = {isa = PBXBuildFile; fileRef = 1B939907234D7941009BAEA8 /* homeworkTests.swift */; };
		1B939913234D7942009BAEA8 /* homeworkUITests.swift in Sources */ = {isa = PBXBuildFile; fileRef = 1B939912234D7942009BAEA8 /* homeworkUITests.swift */; };
		1B939925234D7A69009BAEA8 /* ContentListContract.swift in Sources */ = {isa = PBXBuildFile; fileRef = 1B939924234D7A69009BAEA8 /* ContentListContract.swift */; };
		1B939927234D7B1A009BAEA8 /* ContentListPresenter.swift in Sources */ = {isa = PBXBuildFile; fileRef = 1B939926234D7B1A009BAEA8 /* ContentListPresenter.swift */; };
		1B939929234D7B7C009BAEA8 /* ContentListModel.swift in Sources */ = {isa = PBXBuildFile; fileRef = 1B939928234D7B7C009BAEA8 /* ContentListModel.swift */; };
		1B93992C234D7E6B009BAEA8 /* board.swift in Sources */ = {isa = PBXBuildFile; fileRef = 1B93992B234D7E6B009BAEA8 /* board.swift */; };
		1B93992E234D8A94009BAEA8 /* ContentListCell.swift in Sources */ = {isa = PBXBuildFile; fileRef = 1B93992D234D8A94009BAEA8 /* ContentListCell.swift */; };
		1B939930234DB812009BAEA8 /* bottomSheet.xib in Resources */ = {isa = PBXBuildFile; fileRef = 1B93992F234DB812009BAEA8 /* bottomSheet.xib */; };
		1B939932234DBA26009BAEA8 /* bottomSheet.swift in Sources */ = {isa = PBXBuildFile; fileRef = 1B939931234DBA26009BAEA8 /* bottomSheet.swift */; };
		1B939936234DBCAC009BAEA8 /* FilterListItemCell.swift in Sources */ = {isa = PBXBuildFile; fileRef = 1B939935234DBCAB009BAEA8 /* FilterListItemCell.swift */; };
		1B939938234DC38F009BAEA8 /* FilterListItemCell.xib in Resources */ = {isa = PBXBuildFile; fileRef = 1B939937234DC38F009BAEA8 /* FilterListItemCell.xib */; };
/* End PBXBuildFile section */

/* Begin PBXContainerItemProxy section */
		1B939904234D7941009BAEA8 /* PBXContainerItemProxy */ = {
			isa = PBXContainerItemProxy;
			containerPortal = 1B9398E5234D7941009BAEA8 /* Project object */;
			proxyType = 1;
			remoteGlobalIDString = 1B9398EC234D7941009BAEA8;
			remoteInfo = homework;
		};
		1B93990F234D7942009BAEA8 /* PBXContainerItemProxy */ = {
			isa = PBXContainerItemProxy;
			containerPortal = 1B9398E5234D7941009BAEA8 /* Project object */;
			proxyType = 1;
			remoteGlobalIDString = 1B9398EC234D7941009BAEA8;
			remoteInfo = homework;
		};
/* End PBXContainerItemProxy section */

/* Begin PBXFileReference section */
		1B52867B23519949002B430D /* ContentDetailViewController.swift */ = {isa = PBXFileReference; lastKnownFileType = sourcecode.swift; path = ContentDetailViewController.swift; sourceTree = "<group>"; };
		1B52867D2351A073002B430D /* CustomSegueClass.swift */ = {isa = PBXFileReference; lastKnownFileType = sourcecode.swift; path = CustomSegueClass.swift; sourceTree = "<group>"; };
		1B9398ED234D7941009BAEA8 /* homework.app */ = {isa = PBXFileReference; explicitFileType = wrapper.application; includeInIndex = 0; path = homework.app; sourceTree = BUILT_PRODUCTS_DIR; };
		1B9398F0234D7941009BAEA8 /* AppDelegate.swift */ = {isa = PBXFileReference; lastKnownFileType = sourcecode.swift; path = AppDelegate.swift; sourceTree = "<group>"; };
		1B9398F2234D7941009BAEA8 /* SceneDelegate.swift */ = {isa = PBXFileReference; lastKnownFileType = sourcecode.swift; path = SceneDelegate.swift; sourceTree = "<group>"; };
		1B9398F4234D7941009BAEA8 /* ContentListViewController.swift */ = {isa = PBXFileReference; lastKnownFileType = sourcecode.swift; path = ContentListViewController.swift; sourceTree = "<group>"; };
		1B9398F7234D7941009BAEA8 /* Base */ = {isa = PBXFileReference; lastKnownFileType = file.storyboard; name = Base; path = Base.lproj/Main.storyboard; sourceTree = "<group>"; };
		1B9398F9234D7941009BAEA8 /* Assets.xcassets */ = {isa = PBXFileReference; lastKnownFileType = folder.assetcatalog; path = Assets.xcassets; sourceTree = "<group>"; };
		1B9398FC234D7941009BAEA8 /* Base */ = {isa = PBXFileReference; lastKnownFileType = file.storyboard; name = Base; path = Base.lproj/LaunchScreen.storyboard; sourceTree = "<group>"; };
		1B9398FE234D7941009BAEA8 /* Info.plist */ = {isa = PBXFileReference; lastKnownFileType = text.plist.xml; path = Info.plist; sourceTree = "<group>"; };
		1B939903234D7941009BAEA8 /* homeworkTests.xctest */ = {isa = PBXFileReference; explicitFileType = wrapper.cfbundle; includeInIndex = 0; path = homeworkTests.xctest; sourceTree = BUILT_PRODUCTS_DIR; };
		1B939907234D7941009BAEA8 /* homeworkTests.swift */ = {isa = PBXFileReference; lastKnownFileType = sourcecode.swift; path = homeworkTests.swift; sourceTree = "<group>"; };
		1B939909234D7941009BAEA8 /* Info.plist */ = {isa = PBXFileReference; lastKnownFileType = text.plist.xml; path = Info.plist; sourceTree = "<group>"; };
		1B93990E234D7942009BAEA8 /* homeworkUITests.xctest */ = {isa = PBXFileReference; explicitFileType = wrapper.cfbundle; includeInIndex = 0; path = homeworkUITests.xctest; sourceTree = BUILT_PRODUCTS_DIR; };
		1B939912234D7942009BAEA8 /* homeworkUITests.swift */ = {isa = PBXFileReference; lastKnownFileType = sourcecode.swift; path = homeworkUITests.swift; sourceTree = "<group>"; };
		1B939914234D7942009BAEA8 /* Info.plist */ = {isa = PBXFileReference; lastKnownFileType = text.plist.xml; path = Info.plist; sourceTree = "<group>"; };
		1B939924234D7A69009BAEA8 /* ContentListContract.swift */ = {isa = PBXFileReference; lastKnownFileType = sourcecode.swift; path = ContentListContract.swift; sourceTree = "<group>"; };
		1B939926234D7B1A009BAEA8 /* ContentListPresenter.swift */ = {isa = PBXFileReference; lastKnownFileType = sourcecode.swift; path = ContentListPresenter.swift; sourceTree = "<group>"; };
		1B939928234D7B7C009BAEA8 /* ContentListModel.swift */ = {isa = PBXFileReference; lastKnownFileType = sourcecode.swift; path = ContentListModel.swift; sourceTree = "<group>"; };
		1B93992B234D7E6B009BAEA8 /* board.swift */ = {isa = PBXFileReference; lastKnownFileType = sourcecode.swift; path = board.swift; sourceTree = "<group>"; };
		1B93992D234D8A94009BAEA8 /* ContentListCell.swift */ = {isa = PBXFileReference; lastKnownFileType = sourcecode.swift; path = ContentListCell.swift; sourceTree = "<group>"; };
		1B93992F234DB812009BAEA8 /* bottomSheet.xib */ = {isa = PBXFileReference; lastKnownFileType = file.xib; path = bottomSheet.xib; sourceTree = "<group>"; };
		1B939931234DBA26009BAEA8 /* bottomSheet.swift */ = {isa = PBXFileReference; lastKnownFileType = sourcecode.swift; path = bottomSheet.swift; sourceTree = "<group>"; };
		1B939935234DBCAB009BAEA8 /* FilterListItemCell.swift */ = {isa = PBXFileReference; fileEncoding = 4; lastKnownFileType = sourcecode.swift; path = FilterListItemCell.swift; sourceTree = "<group>"; };
		1B939937234DC38F009BAEA8 /* FilterListItemCell.xib */ = {isa = PBXFileReference; lastKnownFileType = file.xib; path = FilterListItemCell.xib; sourceTree = "<group>"; };
/* End PBXFileReference section */

/* Begin PBXFrameworksBuildPhase section */
		1B9398EA234D7941009BAEA8 /* Frameworks */ = {
			isa = PBXFrameworksBuildPhase;
			buildActionMask = 2147483647;
			files = (
			);
			runOnlyForDeploymentPostprocessing = 0;
		};
		1B939900234D7941009BAEA8 /* Frameworks */ = {
			isa = PBXFrameworksBuildPhase;
			buildActionMask = 2147483647;
			files = (
			);
			runOnlyForDeploymentPostprocessing = 0;
		};
		1B93990B234D7942009BAEA8 /* Frameworks */ = {
			isa = PBXFrameworksBuildPhase;
			buildActionMask = 2147483647;
			files = (
			);
			runOnlyForDeploymentPostprocessing = 0;
		};
/* End PBXFrameworksBuildPhase section */

/* Begin PBXGroup section */
		1B9398E4234D7941009BAEA8 = {
			isa = PBXGroup;
			children = (
				1B52867D2351A073002B430D /* CustomSegueClass.swift */,
				1B9398EF234D7941009BAEA8 /* homework */,
				1B939906234D7941009BAEA8 /* homeworkTests */,
				1B939911234D7942009BAEA8 /* homeworkUITests */,
				1B9398EE234D7941009BAEA8 /* Products */,
			);
			sourceTree = "<group>";
		};
		1B9398EE234D7941009BAEA8 /* Products */ = {
			isa = PBXGroup;
			children = (
				1B9398ED234D7941009BAEA8 /* homework.app */,
				1B939903234D7941009BAEA8 /* homeworkTests.xctest */,
				1B93990E234D7942009BAEA8 /* homeworkUITests.xctest */,
			);
			name = Products;
			sourceTree = "<group>";
		};
		1B9398EF234D7941009BAEA8 /* homework */ = {
			isa = PBXGroup;
			children = (
				1B93992A234D7E57009BAEA8 /* item */,
				1B939923234D7A30009BAEA8 /* model */,
				1B939922234D7A25009BAEA8 /* presenter */,
				1B939921234D7A1E009BAEA8 /* contract */,
				1B939920234D7A0A009BAEA8 /* view */,
				1B9398F0234D7941009BAEA8 /* AppDelegate.swift */,
				1B9398F2234D7941009BAEA8 /* SceneDelegate.swift */,
				1B9398F6234D7941009BAEA8 /* Main.storyboard */,
				1B9398F9234D7941009BAEA8 /* Assets.xcassets */,
				1B9398FB234D7941009BAEA8 /* LaunchScreen.storyboard */,
				1B9398FE234D7941009BAEA8 /* Info.plist */,
				1B939937234DC38F009BAEA8 /* FilterListItemCell.xib */,
				1B93992F234DB812009BAEA8 /* bottomSheet.xib */,
			);
			path = homework;
			sourceTree = "<group>";
		};
		1B939906234D7941009BAEA8 /* homeworkTests */ = {
			isa = PBXGroup;
			children = (
				1B939907234D7941009BAEA8 /* homeworkTests.swift */,
				1B939909234D7941009BAEA8 /* Info.plist */,
			);
			path = homeworkTests;
			sourceTree = "<group>";
		};
		1B939911234D7942009BAEA8 /* homeworkUITests */ = {
			isa = PBXGroup;
			children = (
				1B939912234D7942009BAEA8 /* homeworkUITests.swift */,
				1B939914234D7942009BAEA8 /* Info.plist */,
			);
			path = homeworkUITests;
			sourceTree = "<group>";
		};
		1B939920234D7A0A009BAEA8 /* view */ = {
			isa = PBXGroup;
			children = (
				1B9398F4234D7941009BAEA8 /* ContentListViewController.swift */,
				1B93992D234D8A94009BAEA8 /* ContentListCell.swift */,
				1B939935234DBCAB009BAEA8 /* FilterListItemCell.swift */,
				1B939931234DBA26009BAEA8 /* bottomSheet.swift */,
				1B52867B23519949002B430D /* ContentDetailViewController.swift */,
			);
			path = view;
			sourceTree = "<group>";
		};
		1B939921234D7A1E009BAEA8 /* contract */ = {
			isa = PBXGroup;
			children = (
				1B939924234D7A69009BAEA8 /* ContentListContract.swift */,
			);
			path = contract;
			sourceTree = "<group>";
		};
		1B939922234D7A25009BAEA8 /* presenter */ = {
			isa = PBXGroup;
			children = (
				1B939926234D7B1A009BAEA8 /* ContentListPresenter.swift */,
			);
			path = presenter;
			sourceTree = "<group>";
		};
		1B939923234D7A30009BAEA8 /* model */ = {
			isa = PBXGroup;
			children = (
				1B939928234D7B7C009BAEA8 /* ContentListModel.swift */,
			);
			path = model;
			sourceTree = "<group>";
		};
		1B93992A234D7E57009BAEA8 /* item */ = {
			isa = PBXGroup;
			children = (
				1B93992B234D7E6B009BAEA8 /* board.swift */,
			);
			path = item;
			sourceTree = "<group>";
		};
/* End PBXGroup section */

/* Begin PBXNativeTarget section */
		1B9398EC234D7941009BAEA8 /* homework */ = {
			isa = PBXNativeTarget;
			buildConfigurationList = 1B939917234D7942009BAEA8 /* Build configuration list for PBXNativeTarget "homework" */;
			buildPhases = (
				1B9398E9234D7941009BAEA8 /* Sources */,
				1B9398EA234D7941009BAEA8 /* Frameworks */,
				1B9398EB234D7941009BAEA8 /* Resources */,
			);
			buildRules = (
			);
			dependencies = (
			);
			name = homework;
			productName = homework;
			productReference = 1B9398ED234D7941009BAEA8 /* homework.app */;
			productType = "com.apple.product-type.application";
		};
		1B939902234D7941009BAEA8 /* homeworkTests */ = {
			isa = PBXNativeTarget;
			buildConfigurationList = 1B93991A234D7942009BAEA8 /* Build configuration list for PBXNativeTarget "homeworkTests" */;
			buildPhases = (
				1B9398FF234D7941009BAEA8 /* Sources */,
				1B939900234D7941009BAEA8 /* Frameworks */,
				1B939901234D7941009BAEA8 /* Resources */,
			);
			buildRules = (
			);
			dependencies = (
				1B939905234D7941009BAEA8 /* PBXTargetDependency */,
			);
			name = homeworkTests;
			productName = homeworkTests;
			productReference = 1B939903234D7941009BAEA8 /* homeworkTests.xctest */;
			productType = "com.apple.product-type.bundle.unit-test";
		};
		1B93990D234D7942009BAEA8 /* homeworkUITests */ = {
			isa = PBXNativeTarget;
			buildConfigurationList = 1B93991D234D7942009BAEA8 /* Build configuration list for PBXNativeTarget "homeworkUITests" */;
			buildPhases = (
				1B93990A234D7942009BAEA8 /* Sources */,
				1B93990B234D7942009BAEA8 /* Frameworks */,
				1B93990C234D7942009BAEA8 /* Resources */,
			);
			buildRules = (
			);
			dependencies = (
				1B939910234D7942009BAEA8 /* PBXTargetDependency */,
			);
			name = homeworkUITests;
			productName = homeworkUITests;
			productReference = 1B93990E234D7942009BAEA8 /* homeworkUITests.xctest */;
			productType = "com.apple.product-type.bundle.ui-testing";
		};
/* End PBXNativeTarget section */

/* Begin PBXProject section */
		1B9398E5234D7941009BAEA8 /* Project object */ = {
			isa = PBXProject;
			attributes = {
				LastSwiftUpdateCheck = 1110;
				LastUpgradeCheck = 1110;
				ORGANIZATIONNAME = wlswnwns;
				TargetAttributes = {
					1B9398EC234D7941009BAEA8 = {
						CreatedOnToolsVersion = 11.1;
					};
					1B939902234D7941009BAEA8 = {
						CreatedOnToolsVersion = 11.1;
						TestTargetID = 1B9398EC234D7941009BAEA8;
					};
					1B93990D234D7942009BAEA8 = {
						CreatedOnToolsVersion = 11.1;
						TestTargetID = 1B9398EC234D7941009BAEA8;
					};
				};
			};
			buildConfigurationList = 1B9398E8234D7941009BAEA8 /* Build configuration list for PBXProject "homework" */;
			compatibilityVersion = "Xcode 9.3";
			developmentRegion = en;
			hasScannedForEncodings = 0;
			knownRegions = (
				en,
				Base,
			);
			mainGroup = 1B9398E4234D7941009BAEA8;
			productRefGroup = 1B9398EE234D7941009BAEA8 /* Products */;
			projectDirPath = "";
			projectRoot = "";
			targets = (
				1B9398EC234D7941009BAEA8 /* homework */,
				1B939902234D7941009BAEA8 /* homeworkTests */,
				1B93990D234D7942009BAEA8 /* homeworkUITests */,
			);
		};
/* End PBXProject section */

/* Begin PBXResourcesBuildPhase section */
		1B9398EB234D7941009BAEA8 /* Resources */ = {
			isa = PBXResourcesBuildPhase;
			buildActionMask = 2147483647;
			files = (
				1B9398FD234D7941009BAEA8 /* LaunchScreen.storyboard in Resources */,
				1B9398FA234D7941009BAEA8 /* Assets.xcassets in Resources */,
				1B939930234DB812009BAEA8 /* bottomSheet.xib in Resources */,
				1B9398F8234D7941009BAEA8 /* Main.storyboard in Resources */,
				1B939938234DC38F009BAEA8 /* FilterListItemCell.xib in Resources */,
			);
			runOnlyForDeploymentPostprocessing = 0;
		};
		1B939901234D7941009BAEA8 /* Resources */ = {
			isa = PBXResourcesBuildPhase;
			buildActionMask = 2147483647;
			files = (
			);
			runOnlyForDeploymentPostprocessing = 0;
		};
		1B93990C234D7942009BAEA8 /* Resources */ = {
			isa = PBXResourcesBuildPhase;
			buildActionMask = 2147483647;
			files = (
			);
			runOnlyForDeploymentPostprocessing = 0;
		};
/* End PBXResourcesBuildPhase section */

/* Begin PBXSourcesBuildPhase section */
		1B9398E9234D7941009BAEA8 /* Sources */ = {
			isa = PBXSourcesBuildPhase;
			buildActionMask = 2147483647;
			files = (
				1B93992C234D7E6B009BAEA8 /* board.swift in Sources */,
				1B939932234DBA26009BAEA8 /* bottomSheet.swift in Sources */,
				1B9398F5234D7941009BAEA8 /* ContentListViewController.swift in Sources */,
				1B939925234D7A69009BAEA8 /* ContentListContract.swift in Sources */,
				1B939927234D7B1A009BAEA8 /* ContentListPresenter.swift in Sources */,
				1B939929234D7B7C009BAEA8 /* ContentListModel.swift in Sources */,
				1B52867C23519949002B430D /* ContentDetailViewController.swift in Sources */,
				1B9398F1234D7941009BAEA8 /* AppDelegate.swift in Sources */,
				1B939936234DBCAC009BAEA8 /* FilterListItemCell.swift in Sources */,
				1B9398F3234D7941009BAEA8 /* SceneDelegate.swift in Sources */,
				1B93992E234D8A94009BAEA8 /* ContentListCell.swift in Sources */,
				1B52867E2351A073002B430D /* CustomSegueClass.swift in Sources */,
			);
			runOnlyForDeploymentPostprocessing = 0;
		};
		1B9398FF234D7941009BAEA8 /* Sources */ = {
			isa = PBXSourcesBuildPhase;
			buildActionMask = 2147483647;
			files = (
				1B939908234D7941009BAEA8 /* homeworkTests.swift in Sources */,
			);
			runOnlyForDeploymentPostprocessing = 0;
		};
		1B93990A234D7942009BAEA8 /* Sources */ = {
			isa = PBXSourcesBuildPhase;
			buildActionMask = 2147483647;
			files = (
				1B939913234D7942009BAEA8 /* homeworkUITests.swift in Sources */,
			);
			runOnlyForDeploymentPostprocessing = 0;
		};
/* End PBXSourcesBuildPhase section */

/* Begin PBXTargetDependency section */
		1B939905234D7941009BAEA8 /* PBXTargetDependency */ = {
			isa = PBXTargetDependency;
			target = 1B9398EC234D7941009BAEA8 /* homework */;
			targetProxy = 1B939904234D7941009BAEA8 /* PBXContainerItemProxy */;
		};
		1B939910234D7942009BAEA8 /* PBXTargetDependency */ = {
			isa = PBXTargetDependency;
			target = 1B9398EC234D7941009BAEA8 /* homework */;
			targetProxy = 1B93990F234D7942009BAEA8 /* PBXContainerItemProxy */;
		};
/* End PBXTargetDependency section */

/* Begin PBXVariantGroup section */
		1B9398F6234D7941009BAEA8 /* Main.storyboard */ = {
			isa = PBXVariantGroup;
			children = (
				1B9398F7234D7941009BAEA8 /* Base */,
			);
			name = Main.storyboard;
			sourceTree = "<group>";
		};
		1B9398FB234D7941009BAEA8 /* LaunchScreen.storyboard */ = {
			isa = PBXVariantGroup;
			children = (
				1B9398FC234D7941009BAEA8 /* Base */,
			);
			name = LaunchScreen.storyboard;
			sourceTree = "<group>";
		};
/* End PBXVariantGroup section */

/* Begin XCBuildConfiguration section */
		1B939915234D7942009BAEA8 /* Debug */ = {
			isa = XCBuildConfiguration;
			buildSettings = {
				ALWAYS_SEARCH_USER_PATHS = NO;
				CLANG_ANALYZER_NONNULL = YES;
				CLANG_ANALYZER_NUMBER_OBJECT_CONVERSION = YES_AGGRESSIVE;
				CLANG_CXX_LANGUAGE_STANDARD = "gnu++14";
				CLANG_CXX_LIBRARY = "libc++";
				CLANG_ENABLE_MODULES = YES;
				CLANG_ENABLE_OBJC_ARC = YES;
				CLANG_ENABLE_OBJC_WEAK = YES;
				CLANG_WARN_BLOCK_CAPTURE_AUTORELEASING = YES;
				CLANG_WARN_BOOL_CONVERSION = YES;
				CLANG_WARN_COMMA = YES;
				CLANG_WARN_CONSTANT_CONVERSION = YES;
				CLANG_WARN_DEPRECATED_OBJC_IMPLEMENTATIONS = YES;
				CLANG_WARN_DIRECT_OBJC_ISA_USAGE = YES_ERROR;
				CLANG_WARN_DOCUMENTATION_COMMENTS = YES;
				CLANG_WARN_EMPTY_BODY = YES;
				CLANG_WARN_ENUM_CONVERSION = YES;
				CLANG_WARN_INFINITE_RECURSION = YES;
				CLANG_WARN_INT_CONVERSION = YES;
				CLANG_WARN_NON_LITERAL_NULL_CONVERSION = YES;
				CLANG_WARN_OBJC_IMPLICIT_RETAIN_SELF = YES;
				CLANG_WARN_OBJC_LITERAL_CONVERSION = YES;
				CLANG_WARN_OBJC_ROOT_CLASS = YES_ERROR;
				CLANG_WARN_RANGE_LOOP_ANALYSIS = YES;
				CLANG_WARN_STRICT_PROTOTYPES = YES;
				CLANG_WARN_SUSPICIOUS_MOVE = YES;
				CLANG_WARN_UNGUARDED_AVAILABILITY = YES_AGGRESSIVE;
				CLANG_WARN_UNREACHABLE_CODE = YES;
				CLANG_WARN__DUPLICATE_METHOD_MATCH = YES;
				COPY_PHASE_STRIP = NO;
				DEBUG_INFORMATION_FORMAT = dwarf;
				ENABLE_STRICT_OBJC_MSGSEND = YES;
				ENABLE_TESTABILITY = YES;
				GCC_C_LANGUAGE_STANDARD = gnu11;
				GCC_DYNAMIC_NO_PIC = NO;
				GCC_NO_COMMON_BLOCKS = YES;
				GCC_OPTIMIZATION_LEVEL = 0;
				GCC_PREPROCESSOR_DEFINITIONS = (
					"DEBUG=1",
					"$(inherited)",
				);
				GCC_WARN_64_TO_32_BIT_CONVERSION = YES;
				GCC_WARN_ABOUT_RETURN_TYPE = YES_ERROR;
				GCC_WARN_UNDECLARED_SELECTOR = YES;
				GCC_WARN_UNINITIALIZED_AUTOS = YES_AGGRESSIVE;
				GCC_WARN_UNUSED_FUNCTION = YES;
				GCC_WARN_UNUSED_VARIABLE = YES;
				IPHONEOS_DEPLOYMENT_TARGET = 13.1;
				MTL_ENABLE_DEBUG_INFO = INCLUDE_SOURCE;
				MTL_FAST_MATH = YES;
				ONLY_ACTIVE_ARCH = YES;
				SDKROOT = iphoneos;
				SWIFT_ACTIVE_COMPILATION_CONDITIONS = DEBUG;
				SWIFT_OPTIMIZATION_LEVEL = "-Onone";
			};
			name = Debug;
		};
		1B939916234D7942009BAEA8 /* Release */ = {
			isa = XCBuildConfiguration;
			buildSettings = {
				ALWAYS_SEARCH_USER_PATHS = NO;
				CLANG_ANALYZER_NONNULL = YES;
				CLANG_ANALYZER_NUMBER_OBJECT_CONVERSION = YES_AGGRESSIVE;
				CLANG_CXX_LANGUAGE_STANDARD = "gnu++14";
				CLANG_CXX_LIBRARY = "libc++";
				CLANG_ENABLE_MODULES = YES;
				CLANG_ENABLE_OBJC_ARC = YES;
				CLANG_ENABLE_OBJC_WEAK = YES;
				CLANG_WARN_BLOCK_CAPTURE_AUTORELEASING = YES;
				CLANG_WARN_BOOL_CONVERSION = YES;
				CLANG_WARN_COMMA = YES;
				CLANG_WARN_CONSTANT_CONVERSION = YES;
				CLANG_WARN_DEPRECATED_OBJC_IMPLEMENTATIONS = YES;
				CLANG_WARN_DIRECT_OBJC_ISA_USAGE = YES_ERROR;
				CLANG_WARN_DOCUMENTATION_COMMENTS = YES;
				CLANG_WARN_EMPTY_BODY = YES;
				CLANG_WARN_ENUM_CONVERSION = YES;
				CLANG_WARN_INFINITE_RECURSION = YES;
				CLANG_WARN_INT_CONVERSION = YES;
				CLANG_WARN_NON_LITERAL_NULL_CONVERSION = YES;
				CLANG_WARN_OBJC_IMPLICIT_RETAIN_SELF = YES;
				CLANG_WARN_OBJC_LITERAL_CONVERSION = YES;
				CLANG_WARN_OBJC_ROOT_CLASS = YES_ERROR;
				CLANG_WARN_RANGE_LOOP_ANALYSIS = YES;
				CLANG_WARN_STRICT_PROTOTYPES = YES;
				CLANG_WARN_SUSPICIOUS_MOVE = YES;
				CLANG_WARN_UNGUARDED_AVAILABILITY = YES_AGGRESSIVE;
				CLANG_WARN_UNREACHABLE_CODE = YES;
				CLANG_WARN__DUPLICATE_METHOD_MATCH = YES;
				COPY_PHASE_STRIP = NO;
				DEBUG_INFORMATION_FORMAT = "dwarf-with-dsym";
				ENABLE_NS_ASSERTIONS = NO;
				ENABLE_STRICT_OBJC_MSGSEND = YES;
				GCC_C_LANGUAGE_STANDARD = gnu11;
				GCC_NO_COMMON_BLOCKS = YES;
				GCC_WARN_64_TO_32_BIT_CONVERSION = YES;
				GCC_WARN_ABOUT_RETURN_TYPE = YES_ERROR;
				GCC_WARN_UNDECLARED_SELECTOR = YES;
				GCC_WARN_UNINITIALIZED_AUTOS = YES_AGGRESSIVE;
				GCC_WARN_UNUSED_FUNCTION = YES;
				GCC_WARN_UNUSED_VARIABLE = YES;
				IPHONEOS_DEPLOYMENT_TARGET = 13.1;
				MTL_ENABLE_DEBUG_INFO = NO;
				MTL_FAST_MATH = YES;
				SDKROOT = iphoneos;
				SWIFT_COMPILATION_MODE = wholemodule;
				SWIFT_OPTIMIZATION_LEVEL = "-O";
				VALIDATE_PRODUCT = YES;
			};
			name = Release;
		};
		1B939918234D7942009BAEA8 /* Debug */ = {
			isa = XCBuildConfiguration;
			buildSettings = {
				ASSETCATALOG_COMPILER_APPICON_NAME = AppIcon;
				CODE_SIGN_STYLE = Automatic;
				DEVELOPMENT_TEAM = B85YQB5LND;
				INFOPLIST_FILE = homework/Info.plist;
				LD_RUNPATH_SEARCH_PATHS = (
					"$(inherited)",
					"@executable_path/Frameworks",
				);
				PRODUCT_BUNDLE_IDENTIFIER = wlswnwns.homework;
				PRODUCT_NAME = "$(TARGET_NAME)";
				SWIFT_VERSION = 5.0;
				TARGETED_DEVICE_FAMILY = "1,2";
			};
			name = Debug;
		};
		1B939919234D7942009BAEA8 /* Release */ = {
			isa = XCBuildConfiguration;
			buildSettings = {
				ASSETCATALOG_COMPILER_APPICON_NAME = AppIcon;
				CODE_SIGN_STYLE = Automatic;
				DEVELOPMENT_TEAM = B85YQB5LND;
				INFOPLIST_FILE = homework/Info.plist;
				LD_RUNPATH_SEARCH_PATHS = (
					"$(inherited)",
					"@executable_path/Frameworks",
				);
				PRODUCT_BUNDLE_IDENTIFIER = wlswnwns.homework;
				PRODUCT_NAME = "$(TARGET_NAME)";
				SWIFT_VERSION = 5.0;
				TARGETED_DEVICE_FAMILY = "1,2";
			};
			name = Release;
		};
		1B93991B234D7942009BAEA8 /* Debug */ = {
			isa = XCBuildConfiguration;
			buildSettings = {
				ALWAYS_EMBED_SWIFT_STANDARD_LIBRARIES = YES;
				BUNDLE_LOADER = "$(TEST_HOST)";
				CODE_SIGN_STYLE = Automatic;
				DEVELOPMENT_TEAM = B85YQB5LND;
				INFOPLIST_FILE = homeworkTests/Info.plist;
				IPHONEOS_DEPLOYMENT_TARGET = 13.1;
				LD_RUNPATH_SEARCH_PATHS = (
					"$(inherited)",
					"@executable_path/Frameworks",
					"@loader_path/Frameworks",
				);
				PRODUCT_BUNDLE_IDENTIFIER = wlswnwns.homeworkTests;
				PRODUCT_NAME = "$(TARGET_NAME)";
				SWIFT_VERSION = 5.0;
				TARGETED_DEVICE_FAMILY = "1,2";
				TEST_HOST = "$(BUILT_PRODUCTS_DIR)/homework.app/homework";
			};
			name = Debug;
		};
		1B93991C234D7942009BAEA8 /* Release */ = {
			isa = XCBuildConfiguration;
			buildSettings = {
				ALWAYS_EMBED_SWIFT_STANDARD_LIBRARIES = YES;
				BUNDLE_LOADER = "$(TEST_HOST)";
				CODE_SIGN_STYLE = Automatic;
				DEVELOPMENT_TEAM = B85YQB5LND;
				INFOPLIST_FILE = homeworkTests/Info.plist;
				IPHONEOS_DEPLOYMENT_TARGET = 13.1;
				LD_RUNPATH_SEARCH_PATHS = (
					"$(inherited)",
					"@executable_path/Frameworks",
					"@loader_path/Frameworks",
				);
				PRODUCT_BUNDLE_IDENTIFIER = wlswnwns.homeworkTests;
				PRODUCT_NAME = "$(TARGET_NAME)";
				SWIFT_VERSION = 5.0;
				TARGETED_DEVICE_FAMILY = "1,2";
				TEST_HOST = "$(BUILT_PRODUCTS_DIR)/homework.app/homework";
			};
			name = Release;
		};
		1B93991E234D7942009BAEA8 /* Debug */ = {
			isa = XCBuildConfiguration;
			buildSettings = {
				ALWAYS_EMBED_SWIFT_STANDARD_LIBRARIES = YES;
				CODE_SIGN_STYLE = Automatic;
				DEVELOPMENT_TEAM = B85YQB5LND;
				INFOPLIST_FILE = homeworkUITests/Info.plist;
				LD_RUNPATH_SEARCH_PATHS = (
					"$(inherited)",
					"@executable_path/Frameworks",
					"@loader_path/Frameworks",
				);
				PRODUCT_BUNDLE_IDENTIFIER = wlswnwns.homeworkUITests;
				PRODUCT_NAME = "$(TARGET_NAME)";
				SWIFT_VERSION = 5.0;
				TARGETED_DEVICE_FAMILY = "1,2";
				TEST_TARGET_NAME = homework;
			};
			name = Debug;
		};
		1B93991F234D7942009BAEA8 /* Release */ = {
			isa = XCBuildConfiguration;
			buildSettings = {
				ALWAYS_EMBED_SWIFT_STANDARD_LIBRARIES = YES;
				CODE_SIGN_STYLE = Automatic;
				DEVELOPMENT_TEAM = B85YQB5LND;
				INFOPLIST_FILE = homeworkUITests/Info.plist;
				LD_RUNPATH_SEARCH_PATHS = (
					"$(inherited)",
					"@executable_path/Frameworks",
					"@loader_path/Frameworks",
				);
				PRODUCT_BUNDLE_IDENTIFIER = wlswnwns.homeworkUITests;
				PRODUCT_NAME = "$(TARGET_NAME)";
				SWIFT_VERSION = 5.0;
				TARGETED_DEVICE_FAMILY = "1,2";
				TEST_TARGET_NAME = homework;
			};
			name = Release;
		};
/* End XCBuildConfiguration section */

/* Begin XCConfigurationList section */
		1B9398E8234D7941009BAEA8 /* Build configuration list for PBXProject "homework" */ = {
			isa = XCConfigurationList;
			buildConfigurations = (
				1B939915234D7942009BAEA8 /* Debug */,
				1B939916234D7942009BAEA8 /* Release */,
			);
			defaultConfigurationIsVisible = 0;
			defaultConfigurationName = Release;
		};
		1B939917234D7942009BAEA8 /* Build configuration list for PBXNativeTarget "homework" */ = {
			isa = XCConfigurationList;
			buildConfigurations = (
				1B939918234D7942009BAEA8 /* Debug */,
				1B939919234D7942009BAEA8 /* Release */,
			);
			defaultConfigurationIsVisible = 0;
			defaultConfigurationName = Release;
		};
		1B93991A234D7942009BAEA8 /* Build configuration list for PBXNativeTarget "homeworkTests" */ = {
			isa = XCConfigurationList;
			buildConfigurations = (
				1B93991B234D7942009BAEA8 /* Debug */,
				1B93991C234D7942009BAEA8 /* Release */,
			);
			defaultConfigurationIsVisible = 0;
			defaultConfigurationName = Release;
		};
		1B93991D234D7942009BAEA8 /* Build configuration list for PBXNativeTarget "homeworkUITests" */ = {
			isa = XCConfigurationList;
			buildConfigurations = (
				1B93991E234D7942009BAEA8 /* Debug */,
				1B93991F234D7942009BAEA8 /* Release */,
			);
			defaultConfigurationIsVisible = 0;
			defaultConfigurationName = Release;
		};
/* End XCConfigurationList section */
	};
	rootObject = 1B9398E5234D7941009BAEA8 /* Project object */;
}
